{
  "meteor": {},
  "dependencies": {
    "basePackages": {
      "router": {},
      "phantomjs": {},
      "HTML5-History-API": {},
      "external-file-loader": {},
      "sitemaps": {},
      "robots-txt": {},
      "collection-api": {},
      "minimongoid": {},
      "iron-router": {},
      "reststop2": {}
    },
    "packages": {
      "router": {
        "git": "https://github.com/tmeasday/meteor-router.git",
        "tag": "v0.5.4.1",
        "commit": "d00e380dda2184b70e909fc4a0fb5358d602c586"
      },
      "phantomjs": {
        "git": "https://github.com/gadicohen/meteor-phantomjs.git",
        "tag": "v0.0.2",
        "commit": "a72eb79af068dd5d5d617ac71a42bd74e0cb52a4"
      },
      "HTML5-History-API": {
        "git": "https://github.com/tmeasday/meteor-HTML5-History-API.git",
        "tag": "v4.0.0",
        "commit": "dc4965f1424cfca625ec3fbea17eace03f8e32c5"
      },
      "external-file-loader": {
        "git": "https://github.com/davidd8/meteor-external-file-loader.git",
        "tag": "v0.1.4",
        "commit": "352694a7cf906b8241161c2fd1435161c1d5409f"
      },
      "sitemaps": {
        "git": "https://github.com/gadicohen/meteor-sitemaps.git",
        "tag": "v0.0.11",
        "commit": "e39bbd008bef7a143abbbe530f005bd95de62e49"
      },
      "robots-txt": {
        "git": "https://github.com/gadicohen/meteor-robots.txt.git",
        "tag": "v0.0.8",
        "commit": "dc1be195b8c0cf7d6263235484218911e1bf27d9"
      },
      "collection-api": {
        "git": "https://github.com/crazytoad/meteor-collectionapi.git",
        "tag": "v0.1.15",
        "commit": "b62c51f387287726cf3b64077f7bc69604ec2f5e"
      },
      "minimongoid": {
        "git": "https://github.com/Exygy/minimongoid.git",
        "tag": "v0.8.0",
        "commit": "4f62f61ad5a34688e2b547dc843d76de4a254f7d"
      },
      "iron-router": {
        "git": "https://github.com/EventedMind/iron-router.git",
        "tag": "v0.5.4",
        "commit": "3e0e22ff85630b7503d0daa1538c6d90abb84020"
      },
      "reststop2": {
        "git": "https://github.com/BeDifferential/reststop2.git",
        "tag": "v0.4.2",
        "commit": "124f2e34d1dc2eac793144b30c7dc1700317d3f9"
      },
      "page-js-ie-support": {
        "git": "https://github.com/tmeasday/meteor-page-js-ie-support.git",
        "tag": "v1.3.5",
        "commit": "b99ed8380aefd10b2afc8f18d9eed4dd0d8ea9cb"
      },
      "underscore-string-latest": {
        "git": "https://github.com/TimHeckel/meteor-underscore-string.git",
        "tag": "v2.3.3",
        "commit": "4a5d70eee48fbd90a6e6fc78747250d704a0b3bb"
      }
    }
  }
}
